
Microsoft Visual Studio Solution File, Format Version 12.00
# Visual Studio Version 16
VisualStudioVersion = 16.0.31019.35
MinimumVisualStudioVersion = 10.0.40219.1
Project("{FAE04EC0-301F-11D3-BF4B-00C04F79EFBC}") = "api_rest", "api_rest\api_rest.csproj", "{01F622C6-8541-49C7-97C7-11DD0A05F004}"
EndProject
Global
	GlobalSection(SolutionConfigurationPlatforms) = preSolution
		Debug|Any CPU = Debug|Any CPU
		Release|Any CPU = Release|Any CPU
	EndGlobalSection
	GlobalSection(ProjectConfigurationPlatforms) = postSolution
		{01F622C6-8541-49C7-97C7-11DD0A05F004}.Debug|Any CPU.ActiveCfg = Debug|Any CPU
		{01F622C6-8541-49C7-97C7-11DD0A05F004}.Debug|Any CPU.Build.0 = Debug|Any CPU
		{01F622C6-8541-49C7-97C7-11DD0A05F004}.Release|Any CPU.ActiveCfg = Release|Any CPU
		{01F622C6-8541-49C7-97C7-11DD0A05F004}.Release|Any CPU.Build.0 = Release|Any CPU
	EndGlobalSection
	GlobalSection(SolutionProperties) = preSolution
		HideSolutionNode = FALSE
	EndGlobalSection
	GlobalSection(ExtensibilityGlobals) = postSolution
		SolutionGuid = {F4D688A0-C560-4B4A-9631-AAB1B6197C72}
	EndGlobalSection
EndGlobal
